
Microsoft Visual Studio Solution File, Format Version 12.00
# Visual Studio Version 17
VisualStudioVersion = 17.4.33213.308
MinimumVisualStudioVersion = 10.0.40219.1
Project("{FAE04EC0-301F-11D3-BF4B-00C04F79EFBC}") = "WebAPIRegister", "WebAPIRegister.csproj", "{F773F49C-2F1D-4F2B-AAE7-DD2BBB457EAE}"
EndProject
Global
	GlobalSection(SolutionConfigurationPlatforms) = preSolution
		Debug|Any CPU = Debug|Any CPU
		Release|Any CPU = Release|Any CPU
	EndGlobalSection
	GlobalSection(ProjectConfigurationPlatforms) = postSolution
		{F773F49C-2F1D-4F2B-AAE7-DD2BBB457EAE}.Debug|Any CPU.ActiveCfg = Debug|Any CPU
		{F773F49C-2F1D-4F2B-AAE7-DD2BBB457EAE}.Debug|Any CPU.Build.0 = Debug|Any CPU
		{F773F49C-2F1D-4F2B-AAE7-DD2BBB457EAE}.Release|Any CPU.ActiveCfg = Release|Any CPU
		{F773F49C-2F1D-4F2B-AAE7-DD2BBB457EAE}.Release|Any CPU.Build.0 = Release|Any CPU
	EndGlobalSection
	GlobalSection(SolutionProperties) = preSolution
		HideSolutionNode = FALSE
	EndGlobalSection
	GlobalSection(ExtensibilityGlobals) = postSolution
		SolutionGuid = {D0D37C71-406B-46B7-9307-F3057AA81A52}
	EndGlobalSection
EndGlobal
